{
    "_readme": [
        "This file locks the dependencies of your project to a known state",
        "Read more about it at https://getcomposer.org/doc/01-basic-usage.md#composer-lock-the-lock-file",
        "This file is @generated automatically"
    ],
    "hash": "963431f7b0e8caa2bec75d4395a31beb",
    "content-hash": "9f29343bc9b221857c5d18264afe96b2",
    "packages": [
        {
            "name": "vutran/wpmvc-core",
            "version": "dev-master",
            "source": {
                "type": "git",
                "url": "git@github.com:vutran/wpmvc-core.git",
                "reference": "1a4af5ced98cd51cfe7050e84232bebfebed419c"
            },
            "type": "library",
            "autoload": {
                "psr-4": {
                    "WPMVC\\": "src/"
                }
            },
            "description": "WPMVC Core",
            "time": "2015-11-17 18:06:05"
        }
    ],
    "packages-dev": [],
    "aliases": [],
    "minimum-stability": "stable",
    "stability-flags": {
        "vutran/wpmvc-core": 20
    },
    "prefer-stable": false,
    "prefer-lowest": false,
    "platform": [],
    "platform-dev": []
}
